// !$*UTF8*$!
{
	archiveVersion = 1;
	classes = {
	};
	objectVersion = 46;
	objects = {

/* Begin PBXBuildFile section */
		7CC088241EC1AFF400F1D772 /* GSFOpenURL.m in Sources */ = {isa = PBXBuildFile; fileRef = 7CC088221EC1AFF400F1D772 /* GSFOpenURL.m */; };
		7CC088251EC1AFF400F1D772 /* 白名单.plist in Resources */ = {isa = PBXBuildFile; fileRef = 7CC088231EC1AFF400F1D772 /* 白名单.plist */; };
		7CF0C5991EB881EE00BE3985 /* main.m in Sources */ = {isa = PBXBuildFile; fileRef = 7CF0C5981EB881EE00BE3985 /* main.m */; };
		7CF0C59C1EB881EE00BE3985 /* AppDelegate.m in Sources */ = {isa = PBXBuildFile; fileRef = 7CF0C59B1EB881EE00BE3985 /* AppDelegate.m */; };
		7CF0C59F1EB881EE00BE3985 /* ViewController.m in Sources */ = {isa = PBXBuildFile; fileRef = 7CF0C59E1EB881EE00BE3985 /* ViewController.m */; };
		7CF0C5A21EB881EE00BE3985 /* Main.storyboard in Resources */ = {isa = PBXBuildFile; fileRef = 7CF0C5A01EB881EE00BE3985 /* Main.storyboard */; };
		7CF0C5A41EB881EE00BE3985 /* Assets.xcassets in Resources */ = {isa = PBXBuildFile; fileRef = 7CF0C5A31EB881EE00BE3985 /* Assets.xcassets */; };
		7CF0C5A71EB881EE00BE3985 /* LaunchScreen.storyboard in Resources */ = {isa = PBXBuildFile; fileRef = 7CF0C5A51EB881EE00BE3985 /* LaunchScreen.storyboard */; };
		7CF0C5B21EB881EF00BE3985 /* GSFOpenURLTests.m in Sources */ = {isa = PBXBuildFile; fileRef = 7CF0C5B11EB881EF00BE3985 /* GSFOpenURLTests.m */; };
		7CF0C5BD1EB881EF00BE3985 /* GSFOpenURLUITests.m in Sources */ = {isa = PBXBuildFile; fileRef = 7CF0C5BC1EB881EF00BE3985 /* GSFOpenURLUITests.m */; };
/* End PBXBuildFile section */

/* Begin PBXContainerItemProxy section */
		7CF0C5AE1EB881EF00BE3985 /* PBXContainerItemProxy */ = {
			isa = PBXContainerItemProxy;
			containerPortal = 7CF0C58C1EB881EE00BE3985 /* Project object */;
			proxyType = 1;
			remoteGlobalIDString = 7CF0C5931EB881EE00BE3985;
			remoteInfo = GSFOpenURL;
		};
		7CF0C5B91EB881EF00BE3985 /* PBXContainerItemProxy */ = {
			isa = PBXContainerItemProxy;
			containerPortal = 7CF0C58C1EB881EE00BE3985 /* Project object */;
			proxyType = 1;
			remoteGlobalIDString = 7CF0C5931EB881EE00BE3985;
			remoteInfo = GSFOpenURL;
		};
/* End PBXContainerItemProxy section */

/* Begin PBXFileReference section */
		7CC088211EC1AFF400F1D772 /* GSFOpenURL.h */ = {isa = PBXFileReference; fileEncoding = 4; lastKnownFileType = sourcecode.c.h; path = GSFOpenURL.h; sourceTree = "<group>"; };
		7CC088221EC1AFF400F1D772 /* GSFOpenURL.m */ = {isa = PBXFileReference; fileEncoding = 4; lastKnownFileType = sourcecode.c.objc; path = GSFOpenURL.m; sourceTree = "<group>"; };
		7CC088231EC1AFF400F1D772 /* 白名单.plist */ = {isa = PBXFileReference; fileEncoding = 4; lastKnownFileType = text.plist.xml; path = "白名单.plist"; sourceTree = "<group>"; };
		7CF0C5941EB881EE00BE3985 /* GSFOpenURL.app */ = {isa = PBXFileReference; explicitFileType = wrapper.application; includeInIndex = 0; path = GSFOpenURL.app; sourceTree = BUILT_PRODUCTS_DIR; };
		7CF0C5981EB881EE00BE3985 /* main.m */ = {isa = PBXFileReference; lastKnownFileType = sourcecode.c.objc; path = main.m; sourceTree = "<group>"; };
		7CF0C59A1EB881EE00BE3985 /* AppDelegate.h */ = {isa = PBXFileReference; lastKnownFileType = sourcecode.c.h; path = AppDelegate.h; sourceTree = "<group>"; };
		7CF0C59B1EB881EE00BE3985 /* AppDelegate.m */ = {isa = PBXFileReference; lastKnownFileType = sourcecode.c.objc; path = AppDelegate.m; sourceTree = "<group>"; };
		7CF0C59D1EB881EE00BE3985 /* ViewController.h */ = {isa = PBXFileReference; lastKnownFileType = sourcecode.c.h; path = ViewController.h; sourceTree = "<group>"; };
		7CF0C59E1EB881EE00BE3985 /* ViewController.m */ = {isa = PBXFileReference; lastKnownFileType = sourcecode.c.objc; path = ViewController.m; sourceTree = "<group>"; };
		7CF0C5A11EB881EE00BE3985 /* Base */ = {isa = PBXFileReference; lastKnownFileType = file.storyboard; name = Base; path = Base.lproj/Main.storyboard; sourceTree = "<group>"; };
		7CF0C5A31EB881EE00BE3985 /* Assets.xcassets */ = {isa = PBXFileReference; lastKnownFileType = folder.assetcatalog; path = Assets.xcassets; sourceTree = "<group>"; };
		7CF0C5A61EB881EE00BE3985 /* Base */ = {isa = PBXFileReference; lastKnownFileType = file.storyboard; name = Base; path = Base.lproj/LaunchScreen.storyboard; sourceTree = "<group>"; };
		7CF0C5A81EB881EE00BE3985 /* Info.plist */ = {isa = PBXFileReference; lastKnownFileType = text.plist.xml; path = Info.plist; sourceTree = "<group>"; };
		7CF0C5AD1EB881EF00BE3985 /* GSFOpenURLTests.xctest */ = {isa = PBXFileReference; explicitFileType = wrapper.cfbundle; includeInIndex = 0; path = GSFOpenURLTests.xctest; sourceTree = BUILT_PRODUCTS_DIR; };
		7CF0C5B11EB881EF00BE3985 /* GSFOpenURLTests.m */ = {isa = PBXFileReference; lastKnownFileType = sourcecode.c.objc; path = GSFOpenURLTests.m; sourceTree = "<group>"; };
		7CF0C5B31EB881EF00BE3985 /* Info.plist */ = {isa = PBXFileReference; lastKnownFileType = text.plist.xml; path = Info.plist; sourceTree = "<group>"; };
		7CF0C5B81EB881EF00BE3985 /* GSFOpenURLUITests.xctest */ = {isa = PBXFileReference; explicitFileType = wrapper.cfbundle; includeInIndex = 0; path = GSFOpenURLUITests.xctest; sourceTree = BUILT_PRODUCTS_DIR; };
		7CF0C5BC1EB881EF00BE3985 /* GSFOpenURLUITests.m */ = {isa = PBXFileReference; lastKnownFileType = sourcecode.c.objc; path = GSFOpenURLUITests.m; sourceTree = "<group>"; };
		7CF0C5BE1EB881EF00BE3985 /* Info.plist */ = {isa = PBXFileReference; lastKnownFileType = text.plist.xml; path = Info.plist; sourceTree = "<group>"; };
/* End PBXFileReference section */

/* Begin PBXFrameworksBuildPhase section */
		7CF0C5911EB881EE00BE3985 /* Frameworks */ = {
			isa = PBXFrameworksBuildPhase;
			buildActionMask = 2147483647;
			files = (
			);
			runOnlyForDeploymentPostprocessing = 0;
		};
		7CF0C5AA1EB881EF00BE3985 /* Frameworks */ = {
			isa = PBXFrameworksBuildPhase;
			buildActionMask = 2147483647;
			files = (
			);
			runOnlyForDeploymentPostprocessing = 0;
		};
		7CF0C5B51EB881EF00BE3985 /* Frameworks */ = {
			isa = PBXFrameworksBuildPhase;
			buildActionMask = 2147483647;
			files = (
			);
			runOnlyForDeploymentPostprocessing = 0;
		};
/* End PBXFrameworksBuildPhase section */

/* Begin PBXGroup section */
		7CC088201EC1AFF400F1D772 /* GSFOpenURL */ = {
			isa = PBXGroup;
			children = (
				7CC088211EC1AFF400F1D772 /* GSFOpenURL.h */,
				7CC088221EC1AFF400F1D772 /* GSFOpenURL.m */,
				7CC088231EC1AFF400F1D772 /* 白名单.plist */,
			);
			path = GSFOpenURL;
			sourceTree = "<group>";
		};
		7CF0C58B1EB881EE00BE3985 = {
			isa = PBXGroup;
			children = (
				7CF0C5961EB881EE00BE3985 /* GSFOpenURL */,
				7CF0C5B01EB881EF00BE3985 /* GSFOpenURLTests */,
				7CF0C5BB1EB881EF00BE3985 /* GSFOpenURLUITests */,
				7CF0C5951EB881EE00BE3985 /* Products */,
			);
			sourceTree = "<group>";
		};
		7CF0C5951EB881EE00BE3985 /* Products */ = {
			isa = PBXGroup;
			children = (
				7CF0C5941EB881EE00BE3985 /* GSFOpenURL.app */,
				7CF0C5AD1EB881EF00BE3985 /* GSFOpenURLTests.xctest */,
				7CF0C5B81EB881EF00BE3985 /* GSFOpenURLUITests.xctest */,
			);
			name = Products;
			sourceTree = "<group>";
		};
		7CF0C5961EB881EE00BE3985 /* GSFOpenURL */ = {
			isa = PBXGroup;
			children = (
				7CF0C59A1EB881EE00BE3985 /* AppDelegate.h */,
				7CF0C59B1EB881EE00BE3985 /* AppDelegate.m */,
				7CF0C59D1EB881EE00BE3985 /* ViewController.h */,
				7CF0C59E1EB881EE00BE3985 /* ViewController.m */,
				7CF0C5A01EB881EE00BE3985 /* Main.storyboard */,
				7CC088201EC1AFF400F1D772 /* GSFOpenURL */,
				7CF0C5A31EB881EE00BE3985 /* Assets.xcassets */,
				7CF0C5A51EB881EE00BE3985 /* LaunchScreen.storyboard */,
				7CF0C5A81EB881EE00BE3985 /* Info.plist */,
				7CF0C5971EB881EE00BE3985 /* Supporting Files */,
			);
			path = GSFOpenURL;
			sourceTree = "<group>";
		};
		7CF0C5971EB881EE00BE3985 /* Supporting Files */ = {
			isa = PBXGroup;
			children = (
				7CF0C5981EB881EE00BE3985 /* main.m */,
			);
			name = "Supporting Files";
			sourceTree = "<group>";
		};
		7CF0C5B01EB881EF00BE3985 /* GSFOpenURLTests */ = {
			isa = PBXGroup;
			children = (
				7CF0C5B11EB881EF00BE3985 /* GSFOpenURLTests.m */,
				7CF0C5B31EB881EF00BE3985 /* Info.plist */,
			);
			path = GSFOpenURLTests;
			sourceTree = "<group>";
		};
		7CF0C5BB1EB881EF00BE3985 /* GSFOpenURLUITests */ = {
			isa = PBXGroup;
			children = (
				7CF0C5BC1EB881EF00BE3985 /* GSFOpenURLUITests.m */,
				7CF0C5BE1EB881EF00BE3985 /* Info.plist */,
			);
			path = GSFOpenURLUITests;
			sourceTree = "<group>";
		};
/* End PBXGroup section */

/* Begin PBXNativeTarget section */
		7CF0C5931EB881EE00BE3985 /* GSFOpenURL */ = {
			isa = PBXNativeTarget;
			buildConfigurationList = 7CF0C5C11EB881EF00BE3985 /* Build configuration list for PBXNativeTarget "GSFOpenURL" */;
			buildPhases = (
				7CF0C5901EB881EE00BE3985 /* Sources */,
				7CF0C5911EB881EE00BE3985 /* Frameworks */,
				7CF0C5921EB881EE00BE3985 /* Resources */,
			);
			buildRules = (
			);
			dependencies = (
			);
			name = GSFOpenURL;
			productName = GSFOpenURL;
			productReference = 7CF0C5941EB881EE00BE3985 /* GSFOpenURL.app */;
			productType = "com.apple.product-type.application";
		};
		7CF0C5AC1EB881EF00BE3985 /* GSFOpenURLTests */ = {
			isa = PBXNativeTarget;
			buildConfigurationList = 7CF0C5C41EB881EF00BE3985 /* Build configuration list for PBXNativeTarget "GSFOpenURLTests" */;
			buildPhases = (
				7CF0C5A91EB881EF00BE3985 /* Sources */,
				7CF0C5AA1EB881EF00BE3985 /* Frameworks */,
				7CF0C5AB1EB881EF00BE3985 /* Resources */,
			);
			buildRules = (
			);
			dependencies = (
				7CF0C5AF1EB881EF00BE3985 /* PBXTargetDependency */,
			);
			name = GSFOpenURLTests;
			productName = GSFOpenURLTests;
			productReference = 7CF0C5AD1EB881EF00BE3985 /* GSFOpenURLTests.xctest */;
			productType = "com.apple.product-type.bundle.unit-test";
		};
		7CF0C5B71EB881EF00BE3985 /* GSFOpenURLUITests */ = {
			isa = PBXNativeTarget;
			buildConfigurationList = 7CF0C5C71EB881EF00BE3985 /* Build configuration list for PBXNativeTarget "GSFOpenURLUITests" */;
			buildPhases = (
				7CF0C5B41EB881EF00BE3985 /* Sources */,
				7CF0C5B51EB881EF00BE3985 /* Frameworks */,
				7CF0C5B61EB881EF00BE3985 /* Resources */,
			);
			buildRules = (
			);
			dependencies = (
				7CF0C5BA1EB881EF00BE3985 /* PBXTargetDependency */,
			);
			name = GSFOpenURLUITests;
			productName = GSFOpenURLUITests;
			productReference = 7CF0C5B81EB881EF00BE3985 /* GSFOpenURLUITests.xctest */;
			productType = "com.apple.product-type.bundle.ui-testing";
		};
/* End PBXNativeTarget section */

/* Begin PBXProject section */
		7CF0C58C1EB881EE00BE3985 /* Project object */ = {
			isa = PBXProject;
			attributes = {
				LastUpgradeCheck = 0820;
				ORGANIZATIONNAME = "孤少";
				TargetAttributes = {
					7CF0C5931EB881EE00BE3985 = {
						CreatedOnToolsVersion = 8.2.1;
						DevelopmentTeam = NLSPX7X4U8;
						ProvisioningStyle = Automatic;
					};
					7CF0C5AC1EB881EF00BE3985 = {
						CreatedOnToolsVersion = 8.2.1;
						DevelopmentTeam = NLSPX7X4U8;
						ProvisioningStyle = Automatic;
						TestTargetID = 7CF0C5931EB881EE00BE3985;
					};
					7CF0C5B71EB881EF00BE3985 = {
						CreatedOnToolsVersion = 8.2.1;
						DevelopmentTeam = NLSPX7X4U8;
						ProvisioningStyle = Automatic;
						TestTargetID = 7CF0C5931EB881EE00BE3985;
					};
				};
			};
			buildConfigurationList = 7CF0C58F1EB881EE00BE3985 /* Build configuration list for PBXProject "GSFOpenURL" */;
			compatibilityVersion = "Xcode 3.2";
			developmentRegion = English;
			hasScannedForEncodings = 0;
			knownRegions = (
				en,
				Base,
			);
			mainGroup = 7CF0C58B1EB881EE00BE3985;
			productRefGroup = 7CF0C5951EB881EE00BE3985 /* Products */;
			projectDirPath = "";
			projectRoot = "";
			targets = (
				7CF0C5931EB881EE00BE3985 /* GSFOpenURL */,
				7CF0C5AC1EB881EF00BE3985 /* GSFOpenURLTests */,
				7CF0C5B71EB881EF00BE3985 /* GSFOpenURLUITests */,
			);
		};
/* End PBXProject section */

/* Begin PBXResourcesBuildPhase section */
		7CF0C5921EB881EE00BE3985 /* Resources */ = {
			isa = PBXResourcesBuildPhase;
			buildActionMask = 2147483647;
			files = (
				7CF0C5A71EB881EE00BE3985 /* LaunchScreen.storyboard in Resources */,
				7CF0C5A41EB881EE00BE3985 /* Assets.xcassets in Resources */,
				7CC088251EC1AFF400F1D772 /* 白名单.plist in Resources */,
				7CF0C5A21EB881EE00BE3985 /* Main.storyboard in Resources */,
			);
			runOnlyForDeploymentPostprocessing = 0;
		};
		7CF0C5AB1EB881EF00BE3985 /* Resources */ = {
			isa = PBXResourcesBuildPhase;
			buildActionMask = 2147483647;
			files = (
			);
			runOnlyForDeploymentPostprocessing = 0;
		};
		7CF0C5B61EB881EF00BE3985 /* Resources */ = {
			isa = PBXResourcesBuildPhase;
			buildActionMask = 2147483647;
			files = (
			);
			runOnlyForDeploymentPostprocessing = 0;
		};
/* End PBXResourcesBuildPhase section */

/* Begin PBXSourcesBuildPhase section */
		7CF0C5901EB881EE00BE3985 /* Sources */ = {
			isa = PBXSourcesBuildPhase;
			buildActionMask = 2147483647;
			files = (
				7CC088241EC1AFF400F1D772 /* GSFOpenURL.m in Sources */,
				7CF0C59F1EB881EE00BE3985 /* ViewController.m in Sources */,
				7CF0C59C1EB881EE00BE3985 /* AppDelegate.m in Sources */,
				7CF0C5991EB881EE00BE3985 /* main.m in Sources */,
			);
			runOnlyForDeploymentPostprocessing = 0;
		};
		7CF0C5A91EB881EF00BE3985 /* Sources */ = {
			isa = PBXSourcesBuildPhase;
			buildActionMask = 2147483647;
			files = (
				7CF0C5B21EB881EF00BE3985 /* GSFOpenURLTests.m in Sources */,
			);
			runOnlyForDeploymentPostprocessing = 0;
		};
		7CF0C5B41EB881EF00BE3985 /* Sources */ = {
			isa = PBXSourcesBuildPhase;
			buildActionMask = 2147483647;
			files = (
				7CF0C5BD1EB881EF00BE3985 /* GSFOpenURLUITests.m in Sources */,
			);
			runOnlyForDeploymentPostprocessing = 0;
		};
/* End PBXSourcesBuildPhase section */

/* Begin PBXTargetDependency section */
		7CF0C5AF1EB881EF00BE3985 /* PBXTargetDependency */ = {
			isa = PBXTargetDependency;
			target = 7CF0C5931EB881EE00BE3985 /* GSFOpenURL */;
			targetProxy = 7CF0C5AE1EB881EF00BE3985 /* PBXContainerItemProxy */;
		};
		7CF0C5BA1EB881EF00BE3985 /* PBXTargetDependency */ = {
			isa = PBXTargetDependency;
			target = 7CF0C5931EB881EE00BE3985 /* GSFOpenURL */;
			targetProxy = 7CF0C5B91EB881EF00BE3985 /* PBXContainerItemProxy */;
		};
/* End PBXTargetDependency section */

/* Begin PBXVariantGroup section */
		7CF0C5A01EB881EE00BE3985 /* Main.storyboard */ = {
			isa = PBXVariantGroup;
			children = (
				7CF0C5A11EB881EE00BE3985 /* Base */,
			);
			name = Main.storyboard;
			sourceTree = "<group>";
		};
		7CF0C5A51EB881EE00BE3985 /* LaunchScreen.storyboard */ = {
			isa = PBXVariantGroup;
			children = (
				7CF0C5A61EB881EE00BE3985 /* Base */,
			);
			name = LaunchScreen.storyboard;
			sourceTree = "<group>";
		};
/* End PBXVariantGroup section */

/* Begin XCBuildConfiguration section */
		7CF0C5BF1EB881EF00BE3985 /* Debug */ = {
			isa = XCBuildConfiguration;
			buildSettings = {
				ALWAYS_SEARCH_USER_PATHS = NO;
				CLANG_ANALYZER_NONNULL = YES;
				CLANG_CXX_LANGUAGE_STANDARD = "gnu++0x";
				CLANG_CXX_LIBRARY = "libc++";
				CLANG_ENABLE_MODULES = YES;
				CLANG_ENABLE_OBJC_ARC = YES;
				CLANG_WARN_BOOL_CONVERSION = YES;
				CLANG_WARN_CONSTANT_CONVERSION = YES;
				CLANG_WARN_DIRECT_OBJC_ISA_USAGE = YES_ERROR;
				CLANG_WARN_DOCUMENTATION_COMMENTS = YES;
				CLANG_WARN_EMPTY_BODY = YES;
				CLANG_WARN_ENUM_CONVERSION = YES;
				CLANG_WARN_INFINITE_RECURSION = YES;
				CLANG_WARN_INT_CONVERSION = YES;
				CLANG_WARN_OBJC_ROOT_CLASS = YES_ERROR;
				CLANG_WARN_SUSPICIOUS_MOVE = YES;
				CLANG_WARN_UNREACHABLE_CODE = YES;
				CLANG_WARN__DUPLICATE_METHOD_MATCH = YES;
				"CODE_SIGN_IDENTITY[sdk=iphoneos*]" = "iPhone Developer";
				COPY_PHASE_STRIP = NO;
				DEBUG_INFORMATION_FORMAT = dwarf;
				ENABLE_STRICT_OBJC_MSGSEND = YES;
				ENABLE_TESTABILITY = YES;
				GCC_C_LANGUAGE_STANDARD = gnu99;
				GCC_DYNAMIC_NO_PIC = NO;
				GCC_NO_COMMON_BLOCKS = YES;
				GCC_OPTIMIZATION_LEVEL = 0;
				GCC_PREPROCESSOR_DEFINITIONS = (
					"DEBUG=1",
					"$(inherited)",
				);
				GCC_WARN_64_TO_32_BIT_CONVERSION = YES;
				GCC_WARN_ABOUT_RETURN_TYPE = YES_ERROR;
				GCC_WARN_UNDECLARED_SELECTOR = YES;
				GCC_WARN_UNINITIALIZED_AUTOS = YES_AGGRESSIVE;
				GCC_WARN_UNUSED_FUNCTION = YES;
				GCC_WARN_UNUSED_VARIABLE = YES;
				IPHONEOS_DEPLOYMENT_TARGET = 10.2;
				MTL_ENABLE_DEBUG_INFO = YES;
				ONLY_ACTIVE_ARCH = YES;
				SDKROOT = iphoneos;
				TARGETED_DEVICE_FAMILY = "1,2";
			};
			name = Debug;
		};
		7CF0C5C01EB881EF00BE3985 /* Release */ = {
			isa = XCBuildConfiguration;
			buildSettings = {
				ALWAYS_SEARCH_USER_PATHS = NO;
				CLANG_ANALYZER_NONNULL = YES;
				CLANG_CXX_LANGUAGE_STANDARD = "gnu++0x";
				CLANG_CXX_LIBRARY = "libc++";
				CLANG_ENABLE_MODULES = YES;
				CLANG_ENABLE_OBJC_ARC = YES;
				CLANG_WARN_BOOL_CONVERSION = YES;
				CLANG_WARN_CONSTANT_CONVERSION = YES;
				CLANG_WARN_DIRECT_OBJC_ISA_USAGE = YES_ERROR;
				CLANG_WARN_DOCUMENTATION_COMMENTS = YES;
				CLANG_WARN_EMPTY_BODY = YES;
				CLANG_WARN_ENUM_CONVERSION = YES;
				CLANG_WARN_INFINITE_RECURSION = YES;
				CLANG_WARN_INT_CONVERSION = YES;
				CLANG_WARN_OBJC_ROOT_CLASS = YES_ERROR;
				CLANG_WARN_SUSPICIOUS_MOVE = YES;
				CLANG_WARN_UNREACHABLE_CODE = YES;
				CLANG_WARN__DUPLICATE_METHOD_MATCH = YES;
				"CODE_SIGN_IDENTITY[sdk=iphoneos*]" = "iPhone Developer";
				COPY_PHASE_STRIP = NO;
				DEBUG_INFORMATION_FORMAT = "dwarf-with-dsym";
				ENABLE_NS_ASSERTIONS = NO;
				ENABLE_STRICT_OBJC_MSGSEND = YES;
				GCC_C_LANGUAGE_STANDARD = gnu99;
				GCC_NO_COMMON_BLOCKS = YES;
				GCC_WARN_64_TO_32_BIT_CONVERSION = YES;
				GCC_WARN_ABOUT_RETURN_TYPE = YES_ERROR;
				GCC_WARN_UNDECLARED_SELECTOR = YES;
				GCC_WARN_UNINITIALIZED_AUTOS = YES_AGGRESSIVE;
				GCC_WARN_UNUSED_FUNCTION = YES;
				GCC_WARN_UNUSED_VARIABLE = YES;
				IPHONEOS_DEPLOYMENT_TARGET = 10.2;
				MTL_ENABLE_DEBUG_INFO = NO;
				SDKROOT = iphoneos;
				TARGETED_DEVICE_FAMILY = "1,2";
				VALIDATE_PRODUCT = YES;
			};
			name = Release;
		};
		7CF0C5C21EB881EF00BE3985 /* Debug */ = {
			isa = XCBuildConfiguration;
			buildSettings = {
				ASSETCATALOG_COMPILER_APPICON_NAME = AppIcon;
				DEVELOPMENT_TEAM = NLSPX7X4U8;
				INFOPLIST_FILE = GSFOpenURL/Info.plist;
				IPHONEOS_DEPLOYMENT_TARGET = 7.0;
				LD_RUNPATH_SEARCH_PATHS = "$(inherited) @executable_path/Frameworks";
				PRODUCT_BUNDLE_IDENTIFIER = com.163.2103916.GSFOpenURL;
				PRODUCT_NAME = "$(TARGET_NAME)";
			};
			name = Debug;
		};
		7CF0C5C31EB881EF00BE3985 /* Release */ = {
			isa = XCBuildConfiguration;
			buildSettings = {
				ASSETCATALOG_COMPILER_APPICON_NAME = AppIcon;
				DEVELOPMENT_TEAM = NLSPX7X4U8;
				INFOPLIST_FILE = GSFOpenURL/Info.plist;
				IPHONEOS_DEPLOYMENT_TARGET = 7.0;
				LD_RUNPATH_SEARCH_PATHS = "$(inherited) @executable_path/Frameworks";
				PRODUCT_BUNDLE_IDENTIFIER = com.163.2103916.GSFOpenURL;
				PRODUCT_NAME = "$(TARGET_NAME)";
			};
			name = Release;
		};
		7CF0C5C51EB881EF00BE3985 /* Debug */ = {
			isa = XCBuildConfiguration;
			buildSettings = {
				BUNDLE_LOADER = "$(TEST_HOST)";
				DEVELOPMENT_TEAM = NLSPX7X4U8;
				INFOPLIST_FILE = GSFOpenURLTests/Info.plist;
				LD_RUNPATH_SEARCH_PATHS = "$(inherited) @executable_path/Frameworks @loader_path/Frameworks";
				PRODUCT_BUNDLE_IDENTIFIER = com.163.2103916.GSFOpenURLTests;
				PRODUCT_NAME = "$(TARGET_NAME)";
				TEST_HOST = "$(BUILT_PRODUCTS_DIR)/GSFOpenURL.app/GSFOpenURL";
			};
			name = Debug;
		};
		7CF0C5C61EB881EF00BE3985 /* Release */ = {
			isa = XCBuildConfiguration;
			buildSettings = {
				BUNDLE_LOADER = "$(TEST_HOST)";
				DEVELOPMENT_TEAM = NLSPX7X4U8;
				INFOPLIST_FILE = GSFOpenURLTests/Info.plist;
				LD_RUNPATH_SEARCH_PATHS = "$(inherited) @executable_path/Frameworks @loader_path/Frameworks";
				PRODUCT_BUNDLE_IDENTIFIER = com.163.2103916.GSFOpenURLTests;
				PRODUCT_NAME = "$(TARGET_NAME)";
				TEST_HOST = "$(BUILT_PRODUCTS_DIR)/GSFOpenURL.app/GSFOpenURL";
			};
			name = Release;
		};
		7CF0C5C81EB881EF00BE3985 /* Debug */ = {
			isa = XCBuildConfiguration;
			buildSettings = {
				DEVELOPMENT_TEAM = NLSPX7X4U8;
				INFOPLIST_FILE = GSFOpenURLUITests/Info.plist;
				LD_RUNPATH_SEARCH_PATHS = "$(inherited) @executable_path/Frameworks @loader_path/Frameworks";
				PRODUCT_BUNDLE_IDENTIFIER = com.163.2103916.GSFOpenURLUITests;
				PRODUCT_NAME = "$(TARGET_NAME)";
				TEST_TARGET_NAME = GSFOpenURL;
			};
			name = Debug;
		};
		7CF0C5C91EB881EF00BE3985 /* Release */ = {
			isa = XCBuildConfiguration;
			buildSettings = {
				DEVELOPMENT_TEAM = NLSPX7X4U8;
				INFOPLIST_FILE = GSFOpenURLUITests/Info.plist;
				LD_RUNPATH_SEARCH_PATHS = "$(inherited) @executable_path/Frameworks @loader_path/Frameworks";
				PRODUCT_BUNDLE_IDENTIFIER = com.163.2103916.GSFOpenURLUITests;
				PRODUCT_NAME = "$(TARGET_NAME)";
				TEST_TARGET_NAME = GSFOpenURL;
			};
			name = Release;
		};
/* End XCBuildConfiguration section */

/* Begin XCConfigurationList section */
		7CF0C58F1EB881EE00BE3985 /* Build configuration list for PBXProject "GSFOpenURL" */ = {
			isa = XCConfigurationList;
			buildConfigurations = (
				7CF0C5BF1EB881EF00BE3985 /* Debug */,
				7CF0C5C01EB881EF00BE3985 /* Release */,
			);
			defaultConfigurationIsVisible = 0;
			defaultConfigurationName = Release;
		};
		7CF0C5C11EB881EF00BE3985 /* Build configuration list for PBXNativeTarget "GSFOpenURL" */ = {
			isa = XCConfigurationList;
			buildConfigurations = (
				7CF0C5C21EB881EF00BE3985 /* Debug */,
				7CF0C5C31EB881EF00BE3985 /* Release */,
			);
			defaultConfigurationIsVisible = 0;
			defaultConfigurationName = Release;
		};
		7CF0C5C41EB881EF00BE3985 /* Build configuration list for PBXNativeTarget "GSFOpenURLTests" */ = {
			isa = XCConfigurationList;
			buildConfigurations = (
				7CF0C5C51EB881EF00BE3985 /* Debug */,
				7CF0C5C61EB881EF00BE3985 /* Release */,
			);
			defaultConfigurationIsVisible = 0;
			defaultConfigurationName = Release;
		};
		7CF0C5C71EB881EF00BE3985 /* Build configuration list for PBXNativeTarget "GSFOpenURLUITests" */ = {
			isa = XCConfigurationList;
			buildConfigurations = (
				7CF0C5C81EB881EF00BE3985 /* Debug */,
				7CF0C5C91EB881EF00BE3985 /* Release */,
			);
			defaultConfigurationIsVisible = 0;
			defaultConfigurationName = Release;
		};
/* End XCConfigurationList section */
	};
	rootObject = 7CF0C58C1EB881EE00BE3985 /* Project object */;
}
